
Microsoft Visual Studio Solution File, Format Version 12.00
# Visual Studio 15
VisualStudioVersion = 15.0.28307.1401
MinimumVisualStudioVersion = 10.0.40219.1
Project("{FAE04EC0-301F-11D3-BF4B-00C04F79EFBC}") = "Сalculator", "Сalculator.csproj", "{E57BD483-7718-4EEA-9694-B5A5BBF2ADC0}"
EndProject
Global
	GlobalSection(SolutionConfigurationPlatforms) = preSolution
		Debug|Any CPU = Debug|Any CPU
		Release|Any CPU = Release|Any CPU
	EndGlobalSection
	GlobalSection(ProjectConfigurationPlatforms) = postSolution
		{E57BD483-7718-4EEA-9694-B5A5BBF2ADC0}.Debug|Any CPU.ActiveCfg = Debug|Any CPU
		{E57BD483-7718-4EEA-9694-B5A5BBF2ADC0}.Debug|Any CPU.Build.0 = Debug|Any CPU
		{E57BD483-7718-4EEA-9694-B5A5BBF2ADC0}.Release|Any CPU.ActiveCfg = Release|Any CPU
		{E57BD483-7718-4EEA-9694-B5A5BBF2ADC0}.Release|Any CPU.Build.0 = Release|Any CPU
	EndGlobalSection
	GlobalSection(SolutionProperties) = preSolution
		HideSolutionNode = FALSE
	EndGlobalSection
	GlobalSection(ExtensibilityGlobals) = postSolution
		SolutionGuid = {AFA496A1-07B7-4795-AB9E-65B8F61A59A1}
	EndGlobalSection
EndGlobal
